Microsoft Visual Studio Solution File, Format Version 11.00
# Visual Studio 2008

Project("{0311AB17-7E76-C9BB-8D14-6EF92A71B397}") = "MusicalGuessingGame", "Assembly-CSharp-firstpass-vs.csproj", "{CB744F36-493F-C404-EC4C-DD443F9F936E}"
EndProject
Project("{0311AB17-7E76-C9BB-8D14-6EF92A71B397}") = "MusicalGuessingGame", "Assembly-CSharp-vs.csproj", "{9627AF6C-D164-A5D1-581F-5F6257D3C1C6}"
EndProject
Project("{0311AB17-7E76-C9BB-8D14-6EF92A71B397}") = "MusicalGuessingGame", "Assembly-CSharp-Editor-firstpass-vs.csproj", "{5B1B017A-BA99-C414-346B-0D4051F564C1}"
EndProject
Global
	GlobalSection(SolutionConfigurationPlatforms) = preSolution
		Debug|Any CPU = Debug|Any CPU
		Release|Any CPU = Release|Any CPU
	EndGlobalSection
	GlobalSection(ProjectConfigurationPlatforms) = postSolution
		{CB744F36-493F-C404-EC4C-DD443F9F936E}.Debug|Any CPU.ActiveCfg = Debug|Any CPU
		{CB744F36-493F-C404-EC4C-DD443F9F936E}.Debug|Any CPU.Build.0 = Debug|Any CPU
		{CB744F36-493F-C404-EC4C-DD443F9F936E}.Release|Any CPU.ActiveCfg = Release|Any CPU
		{CB744F36-493F-C404-EC4C-DD443F9F936E}.Release|Any CPU.Build.0 = Release|Any CPU
		{9627AF6C-D164-A5D1-581F-5F6257D3C1C6}.Debug|Any CPU.ActiveCfg = Debug|Any CPU
		{9627AF6C-D164-A5D1-581F-5F6257D3C1C6}.Debug|Any CPU.Build.0 = Debug|Any CPU
		{9627AF6C-D164-A5D1-581F-5F6257D3C1C6}.Release|Any CPU.ActiveCfg = Release|Any CPU
		{9627AF6C-D164-A5D1-581F-5F6257D3C1C6}.Release|Any CPU.Build.0 = Release|Any CPU
		{5B1B017A-BA99-C414-346B-0D4051F564C1}.Debug|Any CPU.ActiveCfg = Debug|Any CPU
		{5B1B017A-BA99-C414-346B-0D4051F564C1}.Debug|Any CPU.Build.0 = Debug|Any CPU
		{5B1B017A-BA99-C414-346B-0D4051F564C1}.Release|Any CPU.ActiveCfg = Release|Any CPU
		{5B1B017A-BA99-C414-346B-0D4051F564C1}.Release|Any CPU.Build.0 = Release|Any CPU
	EndGlobalSection
	GlobalSection(SolutionProperties) = preSolution
		HideSolutionNode = FALSE
	EndGlobalSection
											GlobalSection(MonoDevelopProperties) = preSolution
		StartupItem = Assembly-CSharp.csproj
		Policies = $0
		$0.TextStylePolicy = $1
		$1.inheritsSet = null
		$1.scope = text/x-csharp
		$0.CSharpFormattingPolicy = $2
		$2.inheritsSet = Mono
		$2.inheritsScope = text/x-csharp
		$2.scope = text/x-csharp
		$0.TextStylePolicy = $3
		$3.FileWidth = 120
		$3.TabWidth = 4
		$3.IndentWidth = 4
		$3.EolMarker = Unix
		$3.inheritsSet = Mono
		$3.inheritsScope = text/plain
		$3.scope = text/plain
	EndGlobalSection

EndGlobal
